// !$*UTF8*$!
{
	archiveVersion = 1;
	classes = {
	};
	objectVersion = 50;
	objects = {

/* Begin PBXBuildFile section */
		F47C48962658D91A003F2E38 /* AppDelegate.swift in Sources */ = {isa = PBXBuildFile; fileRef = F47C48952658D91A003F2E38 /* AppDelegate.swift */; };
		F47C48982658D91A003F2E38 /* SceneDelegate.swift in Sources */ = {isa = PBXBuildFile; fileRef = F47C48972658D91A003F2E38 /* SceneDelegate.swift */; };
		F47C489A2658D91A003F2E38 /* ViewController.swift in Sources */ = {isa = PBXBuildFile; fileRef = F47C48992658D91A003F2E38 /* ViewController.swift */; };
		F47C489D2658D91A003F2E38 /* Main.storyboard in Resources */ = {isa = PBXBuildFile; fileRef = F47C489B2658D91A003F2E38 /* Main.storyboard */; };
		F47C489F2658D91B003F2E38 /* Assets.xcassets in Resources */ = {isa = PBXBuildFile; fileRef = F47C489E2658D91B003F2E38 /* Assets.xcassets */; };
		F47C48A22658D91B003F2E38 /* LaunchScreen.storyboard in Resources */ = {isa = PBXBuildFile; fileRef = F47C48A02658D91B003F2E38 /* LaunchScreen.storyboard */; };
		F47C48AD2658D91B003F2E38 /* MyAlbumTests.swift in Sources */ = {isa = PBXBuildFile; fileRef = F47C48AC2658D91B003F2E38 /* MyAlbumTests.swift */; };
		F47C48B82658D91B003F2E38 /* MyAlbumUITests.swift in Sources */ = {isa = PBXBuildFile; fileRef = F47C48B72658D91B003F2E38 /* MyAlbumUITests.swift */; };
/* End PBXBuildFile section */

/* Begin PBXContainerItemProxy section */
		F47C48A92658D91B003F2E38 /* PBXContainerItemProxy */ = {
			isa = PBXContainerItemProxy;
			containerPortal = F47C488A2658D91A003F2E38 /* Project object */;
			proxyType = 1;
			remoteGlobalIDString = F47C48912658D91A003F2E38;
			remoteInfo = MyAlbum;
		};
		F47C48B42658D91B003F2E38 /* PBXContainerItemProxy */ = {
			isa = PBXContainerItemProxy;
			containerPortal = F47C488A2658D91A003F2E38 /* Project object */;
			proxyType = 1;
			remoteGlobalIDString = F47C48912658D91A003F2E38;
			remoteInfo = MyAlbum;
		};
/* End PBXContainerItemProxy section */

/* Begin PBXFileReference section */
		F47C48922658D91A003F2E38 /* MyAlbum.app */ = {isa = PBXFileReference; explicitFileType = wrapper.application; includeInIndex = 0; path = MyAlbum.app; sourceTree = BUILT_PRODUCTS_DIR; };
		F47C48952658D91A003F2E38 /* AppDelegate.swift */ = {isa = PBXFileReference; lastKnownFileType = sourcecode.swift; path = AppDelegate.swift; sourceTree = "<group>"; };
		F47C48972658D91A003F2E38 /* SceneDelegate.swift */ = {isa = PBXFileReference; lastKnownFileType = sourcecode.swift; path = SceneDelegate.swift; sourceTree = "<group>"; };
		F47C48992658D91A003F2E38 /* ViewController.swift */ = {isa = PBXFileReference; lastKnownFileType = sourcecode.swift; path = ViewController.swift; sourceTree = "<group>"; };
		F47C489C2658D91A003F2E38 /* Base */ = {isa = PBXFileReference; lastKnownFileType = file.storyboard; name = Base; path = Base.lproj/Main.storyboard; sourceTree = "<group>"; };
		F47C489E2658D91B003F2E38 /* Assets.xcassets */ = {isa = PBXFileReference; lastKnownFileType = folder.assetcatalog; path = Assets.xcassets; sourceTree = "<group>"; };
		F47C48A12658D91B003F2E38 /* Base */ = {isa = PBXFileReference; lastKnownFileType = file.storyboard; name = Base; path = Base.lproj/LaunchScreen.storyboard; sourceTree = "<group>"; };
		F47C48A32658D91B003F2E38 /* Info.plist */ = {isa = PBXFileReference; lastKnownFileType = text.plist.xml; path = Info.plist; sourceTree = "<group>"; };
		F47C48A82658D91B003F2E38 /* MyAlbumTests.xctest */ = {isa = PBXFileReference; explicitFileType = wrapper.cfbundle; includeInIndex = 0; path = MyAlbumTests.xctest; sourceTree = BUILT_PRODUCTS_DIR; };
		F47C48AC2658D91B003F2E38 /* MyAlbumTests.swift */ = {isa = PBXFileReference; lastKnownFileType = sourcecode.swift; path = MyAlbumTests.swift; sourceTree = "<group>"; };
		F47C48AE2658D91B003F2E38 /* Info.plist */ = {isa = PBXFileReference; lastKnownFileType = text.plist.xml; path = Info.plist; sourceTree = "<group>"; };
		F47C48B32658D91B003F2E38 /* MyAlbumUITests.xctest */ = {isa = PBXFileReference; explicitFileType = wrapper.cfbundle; includeInIndex = 0; path = MyAlbumUITests.xctest; sourceTree = BUILT_PRODUCTS_DIR; };
		F47C48B72658D91B003F2E38 /* MyAlbumUITests.swift */ = {isa = PBXFileReference; lastKnownFileType = sourcecode.swift; path = MyAlbumUITests.swift; sourceTree = "<group>"; };
		F47C48B92658D91B003F2E38 /* Info.plist */ = {isa = PBXFileReference; lastKnownFileType = text.plist.xml; path = Info.plist; sourceTree = "<group>"; };
/* End PBXFileReference section */

/* Begin PBXFrameworksBuildPhase section */
		F47C488F2658D91A003F2E38 /* Frameworks */ = {
			isa = PBXFrameworksBuildPhase;
			buildActionMask = 2147483647;
			files = (
			);
			runOnlyForDeploymentPostprocessing = 0;
		};
		F47C48A52658D91B003F2E38 /* Frameworks */ = {
			isa = PBXFrameworksBuildPhase;
			buildActionMask = 2147483647;
			files = (
			);
			runOnlyForDeploymentPostprocessing = 0;
		};
		F47C48B02658D91B003F2E38 /* Frameworks */ = {
			isa = PBXFrameworksBuildPhase;
			buildActionMask = 2147483647;
			files = (
			);
			runOnlyForDeploymentPostprocessing = 0;
		};
/* End PBXFrameworksBuildPhase section */

/* Begin PBXGroup section */
		F47C48892658D91A003F2E38 = {
			isa = PBXGroup;
			children = (
				F47C48942658D91A003F2E38 /* MyAlbum */,
				F47C48AB2658D91B003F2E38 /* MyAlbumTests */,
				F47C48B62658D91B003F2E38 /* MyAlbumUITests */,
				F47C48932658D91A003F2E38 /* Products */,
			);
			sourceTree = "<group>";
		};
		F47C48932658D91A003F2E38 /* Products */ = {
			isa = PBXGroup;
			children = (
				F47C48922658D91A003F2E38 /* MyAlbum.app */,
				F47C48A82658D91B003F2E38 /* MyAlbumTests.xctest */,
				F47C48B32658D91B003F2E38 /* MyAlbumUITests.xctest */,
			);
			name = Products;
			sourceTree = "<group>";
		};
		F47C48942658D91A003F2E38 /* MyAlbum */ = {
			isa = PBXGroup;
			children = (
				F47C48952658D91A003F2E38 /* AppDelegate.swift */,
				F47C48972658D91A003F2E38 /* SceneDelegate.swift */,
				F47C48992658D91A003F2E38 /* ViewController.swift */,
				F47C489B2658D91A003F2E38 /* Main.storyboard */,
				F47C489E2658D91B003F2E38 /* Assets.xcassets */,
				F47C48A02658D91B003F2E38 /* LaunchScreen.storyboard */,
				F47C48A32658D91B003F2E38 /* Info.plist */,
			);
			path = MyAlbum;
			sourceTree = "<group>";
		};
		F47C48AB2658D91B003F2E38 /* MyAlbumTests */ = {
			isa = PBXGroup;
			children = (
				F47C48AC2658D91B003F2E38 /* MyAlbumTests.swift */,
				F47C48AE2658D91B003F2E38 /* Info.plist */,
			);
			path = MyAlbumTests;
			sourceTree = "<group>";
		};
		F47C48B62658D91B003F2E38 /* MyAlbumUITests */ = {
			isa = PBXGroup;
			children = (
				F47C48B72658D91B003F2E38 /* MyAlbumUITests.swift */,
				F47C48B92658D91B003F2E38 /* Info.plist */,
			);
			path = MyAlbumUITests;
			sourceTree = "<group>";
		};
/* End PBXGroup section */

/* Begin PBXNativeTarget section */
		F47C48912658D91A003F2E38 /* MyAlbum */ = {
			isa = PBXNativeTarget;
			buildConfigurationList = F47C48BC2658D91B003F2E38 /* Build configuration list for PBXNativeTarget "MyAlbum" */;
			buildPhases = (
				F47C488E2658D91A003F2E38 /* Sources */,
				F47C488F2658D91A003F2E38 /* Frameworks */,
				F47C48902658D91A003F2E38 /* Resources */,
			);
			buildRules = (
			);
			dependencies = (
			);
			name = MyAlbum;
			productName = MyAlbum;
			productReference = F47C48922658D91A003F2E38 /* MyAlbum.app */;
			productType = "com.apple.product-type.application";
		};
		F47C48A72658D91B003F2E38 /* MyAlbumTests */ = {
			isa = PBXNativeTarget;
			buildConfigurationList = F47C48BF2658D91B003F2E38 /* Build configuration list for PBXNativeTarget "MyAlbumTests" */;
			buildPhases = (
				F47C48A42658D91B003F2E38 /* Sources */,
				F47C48A52658D91B003F2E38 /* Frameworks */,
				F47C48A62658D91B003F2E38 /* Resources */,
			);
			buildRules = (
			);
			dependencies = (
				F47C48AA2658D91B003F2E38 /* PBXTargetDependency */,
			);
			name = MyAlbumTests;
			productName = MyAlbumTests;
			productReference = F47C48A82658D91B003F2E38 /* MyAlbumTests.xctest */;
			productType = "com.apple.product-type.bundle.unit-test";
		};
		F47C48B22658D91B003F2E38 /* MyAlbumUITests */ = {
			isa = PBXNativeTarget;
			buildConfigurationList = F47C48C22658D91B003F2E38 /* Build configuration list for PBXNativeTarget "MyAlbumUITests" */;
			buildPhases = (
				F47C48AF2658D91B003F2E38 /* Sources */,
				F47C48B02658D91B003F2E38 /* Frameworks */,
				F47C48B12658D91B003F2E38 /* Resources */,
			);
			buildRules = (
			);
			dependencies = (
				F47C48B52658D91B003F2E38 /* PBXTargetDependency */,
			);
			name = MyAlbumUITests;
			productName = MyAlbumUITests;
			productReference = F47C48B32658D91B003F2E38 /* MyAlbumUITests.xctest */;
			productType = "com.apple.product-type.bundle.ui-testing";
		};
/* End PBXNativeTarget section */

/* Begin PBXProject section */
		F47C488A2658D91A003F2E38 /* Project object */ = {
			isa = PBXProject;
			attributes = {
				LastSwiftUpdateCheck = 1240;
				LastUpgradeCheck = 1240;
				TargetAttributes = {
					F47C48912658D91A003F2E38 = {
						CreatedOnToolsVersion = 12.4;
					};
					F47C48A72658D91B003F2E38 = {
						CreatedOnToolsVersion = 12.4;
						TestTargetID = F47C48912658D91A003F2E38;
					};
					F47C48B22658D91B003F2E38 = {
						CreatedOnToolsVersion = 12.4;
						TestTargetID = F47C48912658D91A003F2E38;
					};
				};
			};
			buildConfigurationList = F47C488D2658D91A003F2E38 /* Build configuration list for PBXProject "MyAlbum" */;
			compatibilityVersion = "Xcode 9.3";
			developmentRegion = en;
			hasScannedForEncodings = 0;
			knownRegions = (
				en,
				Base,
			);
			mainGroup = F47C48892658D91A003F2E38;
			productRefGroup = F47C48932658D91A003F2E38 /* Products */;
			projectDirPath = "";
			projectRoot = "";
			targets = (
				F47C48912658D91A003F2E38 /* MyAlbum */,
				F47C48A72658D91B003F2E38 /* MyAlbumTests */,
				F47C48B22658D91B003F2E38 /* MyAlbumUITests */,
			);
		};
/* End PBXProject section */

/* Begin PBXResourcesBuildPhase section */
		F47C48902658D91A003F2E38 /* Resources */ = {
			isa = PBXResourcesBuildPhase;
			buildActionMask = 2147483647;
			files = (
				F47C48A22658D91B003F2E38 /* LaunchScreen.storyboard in Resources */,
				F47C489F2658D91B003F2E38 /* Assets.xcassets in Resources */,
				F47C489D2658D91A003F2E38 /* Main.storyboard in Resources */,
			);
			runOnlyForDeploymentPostprocessing = 0;
		};
		F47C48A62658D91B003F2E38 /* Resources */ = {
			isa = PBXResourcesBuildPhase;
			buildActionMask = 2147483647;
			files = (
			);
			runOnlyForDeploymentPostprocessing = 0;
		};
		F47C48B12658D91B003F2E38 /* Resources */ = {
			isa = PBXResourcesBuildPhase;
			buildActionMask = 2147483647;
			files = (
			);
			runOnlyForDeploymentPostprocessing = 0;
		};
/* End PBXResourcesBuildPhase section */

/* Begin PBXSourcesBuildPhase section */
		F47C488E2658D91A003F2E38 /* Sources */ = {
			isa = PBXSourcesBuildPhase;
			buildActionMask = 2147483647;
			files = (
				F47C489A2658D91A003F2E38 /* ViewController.swift in Sources */,
				F47C48962658D91A003F2E38 /* AppDelegate.swift in Sources */,
				F47C48982658D91A003F2E38 /* SceneDelegate.swift in Sources */,
			);
			runOnlyForDeploymentPostprocessing = 0;
		};
		F47C48A42658D91B003F2E38 /* Sources */ = {
			isa = PBXSourcesBuildPhase;
			buildActionMask = 2147483647;
			files = (
				F47C48AD2658D91B003F2E38 /* MyAlbumTests.swift in Sources */,
			);
			runOnlyForDeploymentPostprocessing = 0;
		};
		F47C48AF2658D91B003F2E38 /* Sources */ = {
			isa = PBXSourcesBuildPhase;
			buildActionMask = 2147483647;
			files = (
				F47C48B82658D91B003F2E38 /* MyAlbumUITests.swift in Sources */,
			);
			runOnlyForDeploymentPostprocessing = 0;
		};
/* End PBXSourcesBuildPhase section */

/* Begin PBXTargetDependency section */
		F47C48AA2658D91B003F2E38 /* PBXTargetDependency */ = {
			isa = PBXTargetDependency;
			target = F47C48912658D91A003F2E38 /* MyAlbum */;
			targetProxy = F47C48A92658D91B003F2E38 /* PBXContainerItemProxy */;
		};
		F47C48B52658D91B003F2E38 /* PBXTargetDependency */ = {
			isa = PBXTargetDependency;
			target = F47C48912658D91A003F2E38 /* MyAlbum */;
			targetProxy = F47C48B42658D91B003F2E38 /* PBXContainerItemProxy */;
		};
/* End PBXTargetDependency section */

/* Begin PBXVariantGroup section */
		F47C489B2658D91A003F2E38 /* Main.storyboard */ = {
			isa = PBXVariantGroup;
			children = (
				F47C489C2658D91A003F2E38 /* Base */,
			);
			name = Main.storyboard;
			sourceTree = "<group>";
		};
		F47C48A02658D91B003F2E38 /* LaunchScreen.storyboard */ = {
			isa = PBXVariantGroup;
			children = (
				F47C48A12658D91B003F2E38 /* Base */,
			);
			name = LaunchScreen.storyboard;
			sourceTree = "<group>";
		};
/* End PBXVariantGroup section */

/* Begin XCBuildConfiguration section */
		F47C48BA2658D91B003F2E38 /* Debug */ = {
			isa = XCBuildConfiguration;
			buildSettings = {
				ALWAYS_SEARCH_USER_PATHS = NO;
				CLANG_ANALYZER_NONNULL = YES;
				CLANG_ANALYZER_NUMBER_OBJECT_CONVERSION = YES_AGGRESSIVE;
				CLANG_CXX_LANGUAGE_STANDARD = "gnu++14";
				CLANG_CXX_LIBRARY = "libc++";
				CLANG_ENABLE_MODULES = YES;
				CLANG_ENABLE_OBJC_ARC = YES;
				CLANG_ENABLE_OBJC_WEAK = YES;
				CLANG_WARN_BLOCK_CAPTURE_AUTORELEASING = YES;
				CLANG_WARN_BOOL_CONVERSION = YES;
				CLANG_WARN_COMMA = YES;
				CLANG_WARN_CONSTANT_CONVERSION = YES;
				CLANG_WARN_DEPRECATED_OBJC_IMPLEMENTATIONS = YES;
				CLANG_WARN_DIRECT_OBJC_ISA_USAGE = YES_ERROR;
				CLANG_WARN_DOCUMENTATION_COMMENTS = YES;
				CLANG_WARN_EMPTY_BODY = YES;
				CLANG_WARN_ENUM_CONVERSION = YES;
				CLANG_WARN_INFINITE_RECURSION = YES;
				CLANG_WARN_INT_CONVERSION = YES;
				CLANG_WARN_NON_LITERAL_NULL_CONVERSION = YES;
				CLANG_WARN_OBJC_IMPLICIT_RETAIN_SELF = YES;
				CLANG_WARN_OBJC_LITERAL_CONVERSION = YES;
				CLANG_WARN_OBJC_ROOT_CLASS = YES_ERROR;
				CLANG_WARN_QUOTED_INCLUDE_IN_FRAMEWORK_HEADER = YES;
				CLANG_WARN_RANGE_LOOP_ANALYSIS = YES;
				CLANG_WARN_STRICT_PROTOTYPES = YES;
				CLANG_WARN_SUSPICIOUS_MOVE = YES;
				CLANG_WARN_UNGUARDED_AVAILABILITY = YES_AGGRESSIVE;
				CLANG_WARN_UNREACHABLE_CODE = YES;
				CLANG_WARN__DUPLICATE_METHOD_MATCH = YES;
				COPY_PHASE_STRIP = NO;
				DEBUG_INFORMATION_FORMAT = dwarf;
				ENABLE_STRICT_OBJC_MSGSEND = YES;
				ENABLE_TESTABILITY = YES;
				GCC_C_LANGUAGE_STANDARD = gnu11;
				GCC_DYNAMIC_NO_PIC = NO;
				GCC_NO_COMMON_BLOCKS = YES;
				GCC_OPTIMIZATION_LEVEL = 0;
				GCC_PREPROCESSOR_DEFINITIONS = (
					"DEBUG=1",
					"$(inherited)",
				);
				GCC_WARN_64_TO_32_BIT_CONVERSION = YES;
				GCC_WARN_ABOUT_RETURN_TYPE = YES_ERROR;
				GCC_WARN_UNDECLARED_SELECTOR = YES;
				GCC_WARN_UNINITIALIZED_AUTOS = YES_AGGRESSIVE;
				GCC_WARN_UNUSED_FUNCTION = YES;
				GCC_WARN_UNUSED_VARIABLE = YES;
				IPHONEOS_DEPLOYMENT_TARGET = 14.4;
				MTL_ENABLE_DEBUG_INFO = INCLUDE_SOURCE;
				MTL_FAST_MATH = YES;
				ONLY_ACTIVE_ARCH = YES;
				SDKROOT = iphoneos;
				SWIFT_ACTIVE_COMPILATION_CONDITIONS = DEBUG;
				SWIFT_OPTIMIZATION_LEVEL = "-Onone";
			};
			name = Debug;
		};
		F47C48BB2658D91B003F2E38 /* Release */ = {
			isa = XCBuildConfiguration;
			buildSettings = {
				ALWAYS_SEARCH_USER_PATHS = NO;
				CLANG_ANALYZER_NONNULL = YES;
				CLANG_ANALYZER_NUMBER_OBJECT_CONVERSION = YES_AGGRESSIVE;
				CLANG_CXX_LANGUAGE_STANDARD = "gnu++14";
				CLANG_CXX_LIBRARY = "libc++";
				CLANG_ENABLE_MODULES = YES;
				CLANG_ENABLE_OBJC_ARC = YES;
				CLANG_ENABLE_OBJC_WEAK = YES;
				CLANG_WARN_BLOCK_CAPTURE_AUTORELEASING = YES;
				CLANG_WARN_BOOL_CONVERSION = YES;
				CLANG_WARN_COMMA = YES;
				CLANG_WARN_CONSTANT_CONVERSION = YES;
				CLANG_WARN_DEPRECATED_OBJC_IMPLEMENTATIONS = YES;
				CLANG_WARN_DIRECT_OBJC_ISA_USAGE = YES_ERROR;
				CLANG_WARN_DOCUMENTATION_COMMENTS = YES;
				CLANG_WARN_EMPTY_BODY = YES;
				CLANG_WARN_ENUM_CONVERSION = YES;
				CLANG_WARN_INFINITE_RECURSION = YES;
				CLANG_WARN_INT_CONVERSION = YES;
				CLANG_WARN_NON_LITERAL_NULL_CONVERSION = YES;
				CLANG_WARN_OBJC_IMPLICIT_RETAIN_SELF = YES;
				CLANG_WARN_OBJC_LITERAL_CONVERSION = YES;
				CLANG_WARN_OBJC_ROOT_CLASS = YES_ERROR;
				CLANG_WARN_QUOTED_INCLUDE_IN_FRAMEWORK_HEADER = YES;
				CLANG_WARN_RANGE_LOOP_ANALYSIS = YES;
				CLANG_WARN_STRICT_PROTOTYPES = YES;
				CLANG_WARN_SUSPICIOUS_MOVE = YES;
				CLANG_WARN_UNGUARDED_AVAILABILITY = YES_AGGRESSIVE;
				CLANG_WARN_UNREACHABLE_CODE = YES;
				CLANG_WARN__DUPLICATE_METHOD_MATCH = YES;
				COPY_PHASE_STRIP = NO;
				DEBUG_INFORMATION_FORMAT = "dwarf-with-dsym";
				ENABLE_NS_ASSERTIONS = NO;
				ENABLE_STRICT_OBJC_MSGSEND = YES;
				GCC_C_LANGUAGE_STANDARD = gnu11;
				GCC_NO_COMMON_BLOCKS = YES;
				GCC_WARN_64_TO_32_BIT_CONVERSION = YES;
				GCC_WARN_ABOUT_RETURN_TYPE = YES_ERROR;
				GCC_WARN_UNDECLARED_SELECTOR = YES;
				GCC_WARN_UNINITIALIZED_AUTOS = YES_AGGRESSIVE;
				GCC_WARN_UNUSED_FUNCTION = YES;
				GCC_WARN_UNUSED_VARIABLE = YES;
				IPHONEOS_DEPLOYMENT_TARGET = 14.4;
				MTL_ENABLE_DEBUG_INFO = NO;
				MTL_FAST_MATH = YES;
				SDKROOT = iphoneos;
				SWIFT_COMPILATION_MODE = wholemodule;
				SWIFT_OPTIMIZATION_LEVEL = "-O";
				VALIDATE_PRODUCT = YES;
			};
			name = Release;
		};
		F47C48BD2658D91B003F2E38 /* Debug */ = {
			isa = XCBuildConfiguration;
			buildSettings = {
				ASSETCATALOG_COMPILER_APPICON_NAME = AppIcon;
				ASSETCATALOG_COMPILER_GLOBAL_ACCENT_COLOR_NAME = AccentColor;
				CODE_SIGN_STYLE = Automatic;
				INFOPLIST_FILE = MyAlbum/Info.plist;
				LD_RUNPATH_SEARCH_PATHS = (
					"$(inherited)",
					"@executable_path/Frameworks",
				);
				PRODUCT_BUNDLE_IDENTIFIER = com.amooamoo.MyAlbum;
				PRODUCT_NAME = "$(TARGET_NAME)";
				SWIFT_VERSION = 5.0;
				TARGETED_DEVICE_FAMILY = "1,2";
			};
			name = Debug;
		};
		F47C48BE2658D91B003F2E38 /* Release */ = {
			isa = XCBuildConfiguration;
			buildSettings = {
				ASSETCATALOG_COMPILER_APPICON_NAME = AppIcon;
				ASSETCATALOG_COMPILER_GLOBAL_ACCENT_COLOR_NAME = AccentColor;
				CODE_SIGN_STYLE = Automatic;
				INFOPLIST_FILE = MyAlbum/Info.plist;
				LD_RUNPATH_SEARCH_PATHS = (
					"$(inherited)",
					"@executable_path/Frameworks",
				);
				PRODUCT_BUNDLE_IDENTIFIER = com.amooamoo.MyAlbum;
				PRODUCT_NAME = "$(TARGET_NAME)";
				SWIFT_VERSION = 5.0;
				TARGETED_DEVICE_FAMILY = "1,2";
			};
			name = Release;
		};
		F47C48C02658D91B003F2E38 /* Debug */ = {
			isa = XCBuildConfiguration;
			buildSettings = {
				ALWAYS_EMBED_SWIFT_STANDARD_LIBRARIES = YES;
				BUNDLE_LOADER = "$(TEST_HOST)";
				CODE_SIGN_STYLE = Automatic;
				INFOPLIST_FILE = MyAlbumTests/Info.plist;
				IPHONEOS_DEPLOYMENT_TARGET = 14.4;
				LD_RUNPATH_SEARCH_PATHS = (
					"$(inherited)",
					"@executable_path/Frameworks",
					"@loader_path/Frameworks",
				);
				PRODUCT_BUNDLE_IDENTIFIER = com.amooamoo.MyAlbumTests;
				PRODUCT_NAME = "$(TARGET_NAME)";
				SWIFT_VERSION = 5.0;
				TARGETED_DEVICE_FAMILY = "1,2";
				TEST_HOST = "$(BUILT_PRODUCTS_DIR)/MyAlbum.app/MyAlbum";
			};
			name = Debug;
		};
		F47C48C12658D91B003F2E38 /* Release */ = {
			isa = XCBuildConfiguration;
			buildSettings = {
				ALWAYS_EMBED_SWIFT_STANDARD_LIBRARIES = YES;
				BUNDLE_LOADER = "$(TEST_HOST)";
				CODE_SIGN_STYLE = Automatic;
				INFOPLIST_FILE = MyAlbumTests/Info.plist;
				IPHONEOS_DEPLOYMENT_TARGET = 14.4;
				LD_RUNPATH_SEARCH_PATHS = (
					"$(inherited)",
					"@executable_path/Frameworks",
					"@loader_path/Frameworks",
				);
				PRODUCT_BUNDLE_IDENTIFIER = com.amooamoo.MyAlbumTests;
				PRODUCT_NAME = "$(TARGET_NAME)";
				SWIFT_VERSION = 5.0;
				TARGETED_DEVICE_FAMILY = "1,2";
				TEST_HOST = "$(BUILT_PRODUCTS_DIR)/MyAlbum.app/MyAlbum";
			};
			name = Release;
		};
		F47C48C32658D91B003F2E38 /* Debug */ = {
			isa = XCBuildConfiguration;
			buildSettings = {
				ALWAYS_EMBED_SWIFT_STANDARD_LIBRARIES = YES;
				CODE_SIGN_STYLE = Automatic;
				INFOPLIST_FILE = MyAlbumUITests/Info.plist;
				LD_RUNPATH_SEARCH_PATHS = (
					"$(inherited)",
					"@executable_path/Frameworks",
					"@loader_path/Frameworks",
				);
				PRODUCT_BUNDLE_IDENTIFIER = com.amooamoo.MyAlbumUITests;
				PRODUCT_NAME = "$(TARGET_NAME)";
				SWIFT_VERSION = 5.0;
				TARGETED_DEVICE_FAMILY = "1,2";
				TEST_TARGET_NAME = MyAlbum;
			};
			name = Debug;
		};
		F47C48C42658D91B003F2E38 /* Release */ = {
			isa = XCBuildConfiguration;
			buildSettings = {
				ALWAYS_EMBED_SWIFT_STANDARD_LIBRARIES = YES;
				CODE_SIGN_STYLE = Automatic;
				INFOPLIST_FILE = MyAlbumUITests/Info.plist;
				LD_RUNPATH_SEARCH_PATHS = (
					"$(inherited)",
					"@executable_path/Frameworks",
					"@loader_path/Frameworks",
				);
				PRODUCT_BUNDLE_IDENTIFIER = com.amooamoo.MyAlbumUITests;
				PRODUCT_NAME = "$(TARGET_NAME)";
				SWIFT_VERSION = 5.0;
				TARGETED_DEVICE_FAMILY = "1,2";
				TEST_TARGET_NAME = MyAlbum;
			};
			name = Release;
		};
/* End XCBuildConfiguration section */

/* Begin XCConfigurationList section */
		F47C488D2658D91A003F2E38 /* Build configuration list for PBXProject "MyAlbum" */ = {
			isa = XCConfigurationList;
			buildConfigurations = (
				F47C48BA2658D91B003F2E38 /* Debug */,
				F47C48BB2658D91B003F2E38 /* Release */,
			);
			defaultConfigurationIsVisible = 0;
			defaultConfigurationName = Release;
		};
		F47C48BC2658D91B003F2E38 /* Build configuration list for PBXNativeTarget "MyAlbum" */ = {
			isa = XCConfigurationList;
			buildConfigurations = (
				F47C48BD2658D91B003F2E38 /* Debug */,
				F47C48BE2658D91B003F2E38 /* Release */,
			);
			defaultConfigurationIsVisible = 0;
			defaultConfigurationName = Release;
		};
		F47C48BF2658D91B003F2E38 /* Build configuration list for PBXNativeTarget "MyAlbumTests" */ = {
			isa = XCConfigurationList;
			buildConfigurations = (
				F47C48C02658D91B003F2E38 /* Debug */,
				F47C48C12658D91B003F2E38 /* Release */,
			);
			defaultConfigurationIsVisible = 0;
			defaultConfigurationName = Release;
		};
		F47C48C22658D91B003F2E38 /* Build configuration list for PBXNativeTarget "MyAlbumUITests" */ = {
			isa = XCConfigurationList;
			buildConfigurations = (
				F47C48C32658D91B003F2E38 /* Debug */,
				F47C48C42658D91B003F2E38 /* Release */,
			);
			defaultConfigurationIsVisible = 0;
			defaultConfigurationName = Release;
		};
/* End XCConfigurationList section */
	};
	rootObject = F47C488A2658D91A003F2E38 /* Project object */;
}
